# This file is automatically @generated by Cargo.
# It is not intended for manual editing.
version = 3

[[package]]
name = "arrayvec"
version = "0.5.2"
source = "registry+https://github.com/rust-lang/crates.io-index"
checksum = "23b62fc65de8e4e7f52534fb52b0f3ed04746ae267519eef2a83941e8085068b"

[[package]]
name = "assert_matches"
version = "1.5.0"
source = "registry+https://github.com/rust-lang/crates.io-index"
checksum = "9b34d609dfbaf33d6889b2b7106d3ca345eacad44200913df5ba02bfd31d2ba9"

[[package]]
name = "autocfg"
version = "0.1.7"
source = "registry+https://github.com/rust-lang/crates.io-index"
checksum = "1d49d90015b3c36167a20fe2810c5cd875ad504b39cff3d4eae7977e6b7c1cb2"

[[package]]
name = "autocfg"
version = "1.0.1"
source = "registry+https://github.com/rust-lang/crates.io-index"
checksum = "cdb031dd78e28731d87d56cc8ffef4a8f36ca26c38fe2de700543e627f8a464a"

[[package]]
name = "bitflags"
version = "1.2.1"
source = "registry+https://github.com/rust-lang/crates.io-index"
checksum = "cf1de2fe8c75bc145a2f577add951f8134889b4795d47466a54a5c846d691693"

[[package]]
name = "byte-slice-cast"
version = "0.3.5"
source = "registry+https://github.com/rust-lang/crates.io-index"
checksum = "b0a5e3906bcbf133e33c1d4d95afc664ad37fbdb9f6568d8043e7ea8c27d93d3"

[[package]]
name = "byteorder"
version = "1.3.4"
source = "git+https://github.com/mesalock-linux/byteorder-sgx#325f392dcd294109eb05f0a3c45e4141514c7784"
dependencies = [
 "sgx_tstd",
]

[[package]]
name = "byteorder"
version = "1.4.3"
source = "registry+https://github.com/rust-lang/crates.io-index"
checksum = "14c189c53d098945499cdfa7ecc63567cf3886b3332b312a5b4585d8d3a6a610"

[[package]]
name = "cc"
version = "1.0.67"
source = "registry+https://github.com/rust-lang/crates.io-index"
checksum = "e3c69b077ad434294d3ce9f1f6143a2a4b89a8a2d54ef813d85003a4fd1137fd"

[[package]]
name = "cfg-if"
version = "1.0.0"
source = "registry+https://github.com/rust-lang/crates.io-index"
checksum = "baf1de4339761588bc0619e3cbc0120ee582ebb74b53b4efbf79117bd2da40fd"

[[package]]
name = "ctor"
version = "0.1.19"
source = "registry+https://github.com/rust-lang/crates.io-index"
checksum = "e8f45d9ad417bcef4817d614a501ab55cdd96a6fdb24f49aab89a54acfd66b19"
dependencies = [
 "quote",
 "syn",
]

[[package]]
name = "erased-serde"
version = "0.3.10"
source = "git+https://github.com/mesalock-linux/erased-serde-sgx#9947f070400f8527f5664a7070661f65f38de3e9"
dependencies = [
 "serde 1.0.118",
 "sgx_tstd",
]

[[package]]
name = "ghost"
version = "0.1.2"
source = "registry+https://github.com/rust-lang/crates.io-index"
checksum = "1a5bcf1bbeab73aa4cf2fde60a846858dc036163c7c33bec309f8d17de785479"
dependencies = [
 "proc-macro2",
 "quote",
 "syn",
]

[[package]]
name = "hashbrown_tstd"
version = "0.9.0"
source = "git+https://github.com/apache/teaclave-sgx-sdk.git?rev=v1.1.3#a6a172e652b4db4eaa17e4faa078fda8922abdd0"

[[package]]
name = "inventory"
version = "0.1.5"
source = "git+https://github.com/mesalock-linux/inventory-sgx#0f6a5fe5fcbb3623fc2011c388fc6910cf99c4cb"
dependencies = [
 "ctor",
 "ghost",
 "inventory-impl",
 "sgx_tstd",
]

[[package]]
name = "inventory-impl"
version = "0.1.5"
source = "git+https://github.com/mesalock-linux/inventory-sgx#0f6a5fe5fcbb3623fc2011c388fc6910cf99c4cb"
dependencies = [
 "proc-macro2",
 "quote",
 "syn",
]

[[package]]
name = "lazy_static"
version = "1.4.0"
source = "registry+https://github.com/rust-lang/crates.io-index"
checksum = "e2abad23fbc42b3700f2f279844dc832adb2b2eb069b2df918f455c4e18cc646"
dependencies = [
 "spin",
]

[[package]]
name = "log"
version = "0.4.14"
source = "registry+https://github.com/rust-lang/crates.io-index"
checksum = "51b9bbe6c47d51fc3e1a9b945965946b4c44142ab8792c50835a980d362c2710"
dependencies = [
 "cfg-if",
]

[[package]]
name = "memory_units"
version = "0.3.0"
source = "registry+https://github.com/rust-lang/crates.io-index"
checksum = "71d96e3f3c0b6325d8ccd83c33b28acb183edcb6c67938ba104ec546854b0882"

[[package]]
name = "num-bigint"
version = "0.2.5"
source = "git+https://github.com/mesalock-linux/num-bigint-sgx#76a5bed94dc31c32bd1670dbf72877abcf9bbc09"
dependencies = [
 "autocfg 1.0.1",
 "num-integer",
 "num-traits",
 "sgx_tstd",
]

[[package]]
name = "num-integer"
version = "0.1.41"
source = "git+https://github.com/mesalock-linux/num-integer-sgx#404c50e5378ca635261688b080dee328ff42b6bd"
dependencies = [
 "autocfg 0.1.7",
 "num-traits",
 "sgx_tstd",
]

[[package]]
name = "num-rational"
version = "0.2.2"
source = "git+https://github.com/mesalock-linux/num-rational-sgx#be65f9ce439f3c9ec850d8041635ab6c3309b816"
dependencies = [
 "autocfg 0.1.7",
 "num-bigint",
 "num-integer",
 "num-traits",
 "sgx_tstd",
]

[[package]]
name = "num-traits"
version = "0.2.10"
source = "git+https://github.com/mesalock-linux/num-traits-sgx#af046e0b15c594c960007418097dd4ff37ec3f7a"
dependencies = [
 "autocfg 0.1.7",
 "sgx_tstd",
]

[[package]]
name = "parity-scale-codec"
version = "1.3.7"
source = "registry+https://github.com/rust-lang/crates.io-index"
checksum = "a4b26b16c7687c3075982af47719e481815df30bc544f7a6690763a25ca16e9d"
dependencies = [
 "arrayvec",
 "byte-slice-cast",
 "parity-scale-codec-derive",
]

[[package]]
name = "parity-scale-codec-derive"
version = "1.2.3"
source = "registry+https://github.com/rust-lang/crates.io-index"
checksum = "c41512944b1faff334a5f1b9447611bf4ef40638ccb6328173dacefb338e878c"
dependencies = [
 "proc-macro-crate",
 "proc-macro2",
 "quote",
 "syn",
]

[[package]]
name = "parity-wasm"
version = "0.41.0"
source = "registry+https://github.com/rust-lang/crates.io-index"
checksum = "ddfc878dac00da22f8f61e7af3157988424567ab01d9920b962ef7dcbd7cd865"

[[package]]
name = "parity-wasm"
version = "0.41.0"
source = "git+https://github.com/mesalock-linux/parity-wasm-sgx#af1ab950294b915c0f939dc496da63d7b15b9916"
dependencies = [
 "byteorder 1.3.4",
 "sgx_tstd",
]

[[package]]
name = "pink"
version = "0.1.0"
dependencies = [
 "assert_matches",
 "bitflags",
 "lazy_static",
 "parity-scale-codec",
 "parity-wasm 0.41.0 (registry+https://github.com/rust-lang/crates.io-index)",
 "pwasm-utils",
 "serde 1.0.118",
 "serde_derive",
 "sgx_tstd",
 "sgx_types",
 "wabt",
 "wasmi",
 "wasmi-validation 0.3.0 (registry+https://github.com/rust-lang/crates.io-index)",
]

[[package]]
name = "proc-macro-crate"
version = "0.1.5"
source = "registry+https://github.com/rust-lang/crates.io-index"
checksum = "1d6ea3c4595b96363c13943497db34af4460fb474a95c43f4446ad341b8c9785"
dependencies = [
 "toml",
]

[[package]]
name = "proc-macro2"
version = "1.0.24"
source = "registry+https://github.com/rust-lang/crates.io-index"
checksum = "1e0704ee1a7e00d7bb417d0770ea303c1bccbabf0ef1667dae92b5967f5f8a71"
dependencies = [
 "unicode-xid",
]

[[package]]
name = "pwasm-utils"
version = "0.16.0"
source = "registry+https://github.com/rust-lang/crates.io-index"
checksum = "1c8ac87af529432d3a4f0e2b3bbf08af49f28f09cc73ed7e551161bdaef5f78d"
dependencies = [
 "byteorder 1.4.3",
 "log",
 "parity-wasm 0.41.0 (registry+https://github.com/rust-lang/crates.io-index)",
]

[[package]]
name = "quote"
version = "1.0.9"
source = "registry+https://github.com/rust-lang/crates.io-index"
checksum = "c3d0b9745dc2debf507c8422de05d7226cc1f0644216dfdfead988f9b1ab32a7"
dependencies = [
 "proc-macro2",
]

[[package]]
name = "serde"
version = "1.0.118"
source = "git+https://github.com/mesalock-linux/serde-sgx#db0226f1d5d70fca6b96af2c285851502204e21c"
dependencies = [
 "serde_derive",
 "sgx_tstd",
]

[[package]]
name = "serde"
version = "1.0.124"
source = "registry+https://github.com/rust-lang/crates.io-index"
checksum = "bd761ff957cb2a45fbb9ab3da6512de9de55872866160b23c25f1a841e99d29f"

[[package]]
name = "serde_derive"
version = "1.0.118"
source = "git+https://github.com/mesalock-linux/serde-sgx#db0226f1d5d70fca6b96af2c285851502204e21c"
dependencies = [
 "proc-macro2",
 "quote",
 "syn",
]

[[package]]
name = "sgx_alloc"
version = "1.1.3"
source = "git+https://github.com/apache/teaclave-sgx-sdk.git?rev=v1.1.3#a6a172e652b4db4eaa17e4faa078fda8922abdd0"

[[package]]
name = "sgx_backtrace_sys"
version = "1.1.3"
source = "git+https://github.com/apache/teaclave-sgx-sdk.git?rev=v1.1.3#a6a172e652b4db4eaa17e4faa078fda8922abdd0"
dependencies = [
 "cc",
 "sgx_build_helper",
 "sgx_libc",
]

[[package]]
name = "sgx_build_helper"
version = "0.1.3"
source = "git+https://github.com/apache/teaclave-sgx-sdk.git?rev=v1.1.3#a6a172e652b4db4eaa17e4faa078fda8922abdd0"

[[package]]
name = "sgx_demangle"
version = "1.1.3"
source = "git+https://github.com/apache/teaclave-sgx-sdk.git?rev=v1.1.3#a6a172e652b4db4eaa17e4faa078fda8922abdd0"

[[package]]
name = "sgx_libc"
version = "1.1.3"
source = "git+https://github.com/apache/teaclave-sgx-sdk.git?rev=v1.1.3#a6a172e652b4db4eaa17e4faa078fda8922abdd0"
dependencies = [
 "sgx_types",
]

[[package]]
name = "sgx_tprotected_fs"
version = "1.1.3"
source = "git+https://github.com/apache/teaclave-sgx-sdk.git?rev=v1.1.3#a6a172e652b4db4eaa17e4faa078fda8922abdd0"
dependencies = [
 "sgx_trts",
 "sgx_types",
]

[[package]]
name = "sgx_trts"
version = "1.1.3"
source = "git+https://github.com/apache/teaclave-sgx-sdk.git?rev=v1.1.3#a6a172e652b4db4eaa17e4faa078fda8922abdd0"
dependencies = [
 "sgx_libc",
 "sgx_types",
]

[[package]]
name = "sgx_tstd"
version = "1.1.3"
source = "git+https://github.com/apache/teaclave-sgx-sdk.git?rev=v1.1.3#a6a172e652b4db4eaa17e4faa078fda8922abdd0"
dependencies = [
 "hashbrown_tstd",
 "sgx_alloc",
 "sgx_backtrace_sys",
 "sgx_demangle",
 "sgx_libc",
 "sgx_tprotected_fs",
 "sgx_trts",
 "sgx_types",
 "sgx_unwind",
]

[[package]]
name = "sgx_types"
version = "1.1.3"
source = "git+https://github.com/apache/teaclave-sgx-sdk.git?rev=v1.1.3#a6a172e652b4db4eaa17e4faa078fda8922abdd0"

[[package]]
name = "sgx_unwind"
version = "0.1.1"
source = "git+https://github.com/apache/teaclave-sgx-sdk.git?rev=v1.1.3#a6a172e652b4db4eaa17e4faa078fda8922abdd0"
dependencies = [
 "sgx_build_helper",
]

[[package]]
name = "spin"
version = "0.5.2"
source = "registry+https://github.com/rust-lang/crates.io-index"
checksum = "6e63cff320ae2c57904679ba7cb63280a3dc4613885beafb148ee7bf9aa9042d"

[[package]]
name = "syn"
version = "1.0.64"
source = "registry+https://github.com/rust-lang/crates.io-index"
checksum = "3fd9d1e9976102a03c542daa2eff1b43f9d72306342f3f8b3ed5fb8908195d6f"
dependencies = [
 "proc-macro2",
 "quote",
 "unicode-xid",
]

[[package]]
name = "toml"
version = "0.5.8"
source = "registry+https://github.com/rust-lang/crates.io-index"
checksum = "a31142970826733df8241ef35dc040ef98c679ab14d7c3e54d827099b3acecaa"
dependencies = [
 "serde 1.0.124",
]

[[package]]
name = "typetag"
version = "0.1.4"
source = "git+https://github.com/mesalock-linux/typetag-sgx#e21f14a64d77d984aa2285bc30c93fb8bc85c776"
dependencies = [
 "erased-serde",
 "inventory",
 "lazy_static",
 "serde 1.0.118",
 "sgx_tstd",
 "typetag-impl",
]

[[package]]
name = "typetag-impl"
version = "0.1.4"
source = "git+https://github.com/mesalock-linux/typetag-sgx#e21f14a64d77d984aa2285bc30c93fb8bc85c776"
dependencies = [
 "proc-macro2",
 "quote",
 "syn",
]

[[package]]
name = "unicode-xid"
version = "0.2.1"
source = "registry+https://github.com/rust-lang/crates.io-index"
checksum = "f7fe0bb3479651439c9112f72b6c505038574c9fbb575ed1bf3b797fa39dd564"

[[package]]
name = "wabt"
version = "0.9.2"
source = "git+https://github.com/mesalock-linux/wabt-rs-sgx?tag=sgx_1.1.3#5242ec020d9e14fa31740f3340c34fea370aebcb"
dependencies = [
 "serde 1.0.118",
 "serde_derive",
 "sgx_tstd",
]

[[package]]
name = "wasmi"
version = "0.6.2"
source = "git+https://github.com/mesalock-linux/wasmi-sgx?tag=sgx_1.1.3#d08e50c2a350f6e24ec0f029daa6fb25555b1b09"
dependencies = [
 "memory_units",
 "num-rational",
 "num-traits",
 "parity-wasm 0.41.0 (git+https://github.com/mesalock-linux/parity-wasm-sgx)",
 "serde 1.0.118",
 "sgx_tstd",
 "typetag",
 "wasmi-validation 0.3.0 (git+https://github.com/mesalock-linux/wasmi-sgx?tag=sgx_1.1.3)",
]

[[package]]
name = "wasmi-validation"
version = "0.3.0"
source = "registry+https://github.com/rust-lang/crates.io-index"
checksum = "ea78c597064ba73596099281e2f4cfc019075122a65cdda3205af94f0b264d93"
dependencies = [
 "parity-wasm 0.41.0 (registry+https://github.com/rust-lang/crates.io-index)",
]

[[package]]
name = "wasmi-validation"
version = "0.3.0"
source = "git+https://github.com/mesalock-linux/wasmi-sgx?tag=sgx_1.1.3#d08e50c2a350f6e24ec0f029daa6fb25555b1b09"
dependencies = [
 "parity-wasm 0.41.0 (git+https://github.com/mesalock-linux/parity-wasm-sgx)",
 "sgx_tstd",
]
